
Microsoft Visual Studio Solution File, Format Version 12.00
# Visual Studio Version 17
VisualStudioVersion = 17.14.36408.4
MinimumVisualStudioVersion = 10.0.40219.1
Project("{2150E333-8FDC-42A3-9474-1A3956D46DE8}") = "Core", "Core", "{02EA681E-C7D8-13C7-8484-4AC65E1B71E8}"
EndProject
Project("{2150E333-8FDC-42A3-9474-1A3956D46DE8}") = "Frontends", "Frontends", "{2705E9A1-BDD2-4557-9B49-65BF47DB970B}"
EndProject
Project("{2150E333-8FDC-42A3-9474-1A3956D46DE8}") = "Infrastructure", "Infrastructure", "{CFF79227-674B-48A9-97FA-443227494222}"
EndProject
Project("{2150E333-8FDC-42A3-9474-1A3956D46DE8}") = "Presentation", "Presentation", "{51C74184-66FF-433C-876E-55A25AE93F31}"
EndProject
Project("{2150E333-8FDC-42A3-9474-1A3956D46DE8}") = "Requirements", "Requirements", "{188908EB-D8F3-444E-BC54-418AC0DBBAAE}"
EndProject
Project("{FAE04EC0-301F-11D3-BF4B-00C04F79EFBC}") = "MovieApi.Domain", "Core\MovieApi.Domain\MovieApi.Domain.csproj", "{741FDD7F-555E-4E35-98E0-7D8B0C4EAF26}"
EndProject
Project("{FAE04EC0-301F-11D3-BF4B-00C04F79EFBC}") = "MovieApi.Persistence", "Infrastructure\MovieApi.Persistence\MovieApi.Persistence.csproj", "{782A9856-3FDA-4348-9168-977216F1F424}"
EndProject
Project("{FAE04EC0-301F-11D3-BF4B-00C04F79EFBC}") = "MovieApi.WebApi", "Presentation\MovieApi.WebApi\MovieApi.WebApi.csproj", "{CE4680AE-49F6-4B71-AACA-DAB914788771}"
EndProject
Project("{FAE04EC0-301F-11D3-BF4B-00C04F79EFBC}") = "MovieApi.Application", "Core\MovieApi.Application\MovieApi.Application.csproj", "{49D9A4C3-F933-4BC4-91AD-C2CB55B232CC}"
EndProject
Global
	GlobalSection(SolutionConfigurationPlatforms) = preSolution
		Debug|Any CPU = Debug|Any CPU
		Release|Any CPU = Release|Any CPU
	EndGlobalSection
	GlobalSection(ProjectConfigurationPlatforms) = postSolution
		{741FDD7F-555E-4E35-98E0-7D8B0C4EAF26}.Debug|Any CPU.ActiveCfg = Debug|Any CPU
		{741FDD7F-555E-4E35-98E0-7D8B0C4EAF26}.Debug|Any CPU.Build.0 = Debug|Any CPU
		{741FDD7F-555E-4E35-98E0-7D8B0C4EAF26}.Release|Any CPU.ActiveCfg = Release|Any CPU
		{741FDD7F-555E-4E35-98E0-7D8B0C4EAF26}.Release|Any CPU.Build.0 = Release|Any CPU
		{782A9856-3FDA-4348-9168-977216F1F424}.Debug|Any CPU.ActiveCfg = Debug|Any CPU
		{782A9856-3FDA-4348-9168-977216F1F424}.Debug|Any CPU.Build.0 = Debug|Any CPU
		{782A9856-3FDA-4348-9168-977216F1F424}.Release|Any CPU.ActiveCfg = Release|Any CPU
		{782A9856-3FDA-4348-9168-977216F1F424}.Release|Any CPU.Build.0 = Release|Any CPU
		{CE4680AE-49F6-4B71-AACA-DAB914788771}.Debug|Any CPU.ActiveCfg = Debug|Any CPU
		{CE4680AE-49F6-4B71-AACA-DAB914788771}.Debug|Any CPU.Build.0 = Debug|Any CPU
		{CE4680AE-49F6-4B71-AACA-DAB914788771}.Release|Any CPU.ActiveCfg = Release|Any CPU
		{CE4680AE-49F6-4B71-AACA-DAB914788771}.Release|Any CPU.Build.0 = Release|Any CPU
		{49D9A4C3-F933-4BC4-91AD-C2CB55B232CC}.Debug|Any CPU.ActiveCfg = Debug|Any CPU
		{49D9A4C3-F933-4BC4-91AD-C2CB55B232CC}.Debug|Any CPU.Build.0 = Debug|Any CPU
		{49D9A4C3-F933-4BC4-91AD-C2CB55B232CC}.Release|Any CPU.ActiveCfg = Release|Any CPU
		{49D9A4C3-F933-4BC4-91AD-C2CB55B232CC}.Release|Any CPU.Build.0 = Release|Any CPU
	EndGlobalSection
	GlobalSection(SolutionProperties) = preSolution
		HideSolutionNode = FALSE
	EndGlobalSection
	GlobalSection(NestedProjects) = preSolution
		{741FDD7F-555E-4E35-98E0-7D8B0C4EAF26} = {02EA681E-C7D8-13C7-8484-4AC65E1B71E8}
		{782A9856-3FDA-4348-9168-977216F1F424} = {CFF79227-674B-48A9-97FA-443227494222}
		{CE4680AE-49F6-4B71-AACA-DAB914788771} = {51C74184-66FF-433C-876E-55A25AE93F31}
		{49D9A4C3-F933-4BC4-91AD-C2CB55B232CC} = {02EA681E-C7D8-13C7-8484-4AC65E1B71E8}
	EndGlobalSection
	GlobalSection(ExtensibilityGlobals) = postSolution
		SolutionGuid = {06E3FD2E-2CC7-4834-B899-207CAD650B5F}
	EndGlobalSection
EndGlobal
